
Microsoft Visual Studio Solution File, Format Version 12.00
# Visual Studio 14
VisualStudioVersion = 14.0.25123.0
MinimumVisualStudioVersion = 10.0.40219.1
Project("{FAE04EC0-301F-11D3-BF4B-00C04F79EFBC}") = "CommonShare", "CommonShare\CommonShare.csproj", "{FB49984A-724E-4162-875A-21ADF2DE9CE4}"
EndProject
Project("{FAE04EC0-301F-11D3-BF4B-00C04F79EFBC}") = "Client", "Client\Client.csproj", "{95294B43-E653-4CF9-83CB-70542C1B53A2}"
EndProject
Project("{FAE04EC0-301F-11D3-BF4B-00C04F79EFBC}") = "Server", "Server\Server.csproj", "{0173EDF9-D5AF-4DC7-921F-4135F78DC386}"
EndProject
Global
	GlobalSection(SolutionConfigurationPlatforms) = preSolution
		Debug|Any CPU = Debug|Any CPU
		Release|Any CPU = Release|Any CPU
	EndGlobalSection
	GlobalSection(ProjectConfigurationPlatforms) = postSolution
		{FB49984A-724E-4162-875A-21ADF2DE9CE4}.Debug|Any CPU.ActiveCfg = Debug|Any CPU
		{FB49984A-724E-4162-875A-21ADF2DE9CE4}.Debug|Any CPU.Build.0 = Debug|Any CPU
		{FB49984A-724E-4162-875A-21ADF2DE9CE4}.Release|Any CPU.ActiveCfg = Release|Any CPU
		{FB49984A-724E-4162-875A-21ADF2DE9CE4}.Release|Any CPU.Build.0 = Release|Any CPU
		{95294B43-E653-4CF9-83CB-70542C1B53A2}.Debug|Any CPU.ActiveCfg = Debug|Any CPU
		{95294B43-E653-4CF9-83CB-70542C1B53A2}.Debug|Any CPU.Build.0 = Debug|Any CPU
		{95294B43-E653-4CF9-83CB-70542C1B53A2}.Release|Any CPU.ActiveCfg = Release|Any CPU
		{95294B43-E653-4CF9-83CB-70542C1B53A2}.Release|Any CPU.Build.0 = Release|Any CPU
		{0173EDF9-D5AF-4DC7-921F-4135F78DC386}.Debug|Any CPU.ActiveCfg = Debug|Any CPU
		{0173EDF9-D5AF-4DC7-921F-4135F78DC386}.Debug|Any CPU.Build.0 = Debug|Any CPU
		{0173EDF9-D5AF-4DC7-921F-4135F78DC386}.Release|Any CPU.ActiveCfg = Release|Any CPU
		{0173EDF9-D5AF-4DC7-921F-4135F78DC386}.Release|Any CPU.Build.0 = Release|Any CPU
	EndGlobalSection
	GlobalSection(SolutionProperties) = preSolution
		HideSolutionNode = FALSE
	EndGlobalSection
EndGlobal
